
Microsoft Visual Studio Solution File, Format Version 12.00
# Visual Studio Version 17
VisualStudioVersion = 17.1.32319.34
MinimumVisualStudioVersion = 10.0.40219.1
Project("{FAE04EC0-301F-11D3-BF4B-00C04F79EFBC}") = "MyPeachNet", "MyPeachNet\MyPeachNet.csproj", "{C7D49196-1FF1-4F83-AE77-46569B212481}"
EndProject
Project("{FAE04EC0-301F-11D3-BF4B-00C04F79EFBC}") = "MyPeachNetTest", "MyPeachNetTest\MyPeachNetTest.csproj", "{BB0A26D0-E326-427B-BC90-2AF9F2F3DD2D}"
EndProject
Global
	GlobalSection(SolutionConfigurationPlatforms) = preSolution
		Debug|Any CPU = Debug|Any CPU
		Release|Any CPU = Release|Any CPU
	EndGlobalSection
	GlobalSection(ProjectConfigurationPlatforms) = postSolution
		{C7D49196-1FF1-4F83-AE77-46569B212481}.Debug|Any CPU.ActiveCfg = Debug|Any CPU
		{C7D49196-1FF1-4F83-AE77-46569B212481}.Debug|Any CPU.Build.0 = Debug|Any CPU
		{C7D49196-1FF1-4F83-AE77-46569B212481}.Release|Any CPU.ActiveCfg = Release|Any CPU
		{C7D49196-1FF1-4F83-AE77-46569B212481}.Release|Any CPU.Build.0 = Release|Any CPU
		{BB0A26D0-E326-427B-BC90-2AF9F2F3DD2D}.Debug|Any CPU.ActiveCfg = Debug|Any CPU
		{BB0A26D0-E326-427B-BC90-2AF9F2F3DD2D}.Debug|Any CPU.Build.0 = Debug|Any CPU
		{BB0A26D0-E326-427B-BC90-2AF9F2F3DD2D}.Release|Any CPU.ActiveCfg = Release|Any CPU
		{BB0A26D0-E326-427B-BC90-2AF9F2F3DD2D}.Release|Any CPU.Build.0 = Release|Any CPU
	EndGlobalSection
	GlobalSection(SolutionProperties) = preSolution
		HideSolutionNode = FALSE
	EndGlobalSection
	GlobalSection(ExtensibilityGlobals) = postSolution
		SolutionGuid = {5E9F5B49-BEE3-415A-90D8-80738490B234}
	EndGlobalSection
EndGlobal
